
Microsoft Visual Studio Solution File, Format Version 12.00
# Visual Studio Version 17
VisualStudioVersion = 17.0.31903.59
MinimumVisualStudioVersion = 10.0.40219.1
Project("{2150E333-8FDC-42A3-9474-1A3956D46DE8}") = "src", "src", "{827E0CD3-B72D-47B6-A68D-7590B98EB39B}"
EndProject
Project("{FAE04EC0-301F-11D3-BF4B-00C04F79EFBC}") = "AuthzEntitlements.AppHost", "src\AuthzEntitlements.AppHost\AuthzEntitlements.AppHost.csproj", "{EDC14229-0DD0-4B60-ACBC-0D5C3D940B28}"
EndProject
Project("{FAE04EC0-301F-11D3-BF4B-00C04F79EFBC}") = "AuthzEntitlements.ServiceDefaults", "src\AuthzEntitlements.ServiceDefaults\AuthzEntitlements.ServiceDefaults.csproj", "{F875EF3A-C973-447F-8F36-B5BC129EB8E4}"
EndProject
Project("{FAE04EC0-301F-11D3-BF4B-00C04F79EFBC}") = "AuthzEntitlements.Bank.Api", "src\AuthzEntitlements.Bank.Api\AuthzEntitlements.Bank.Api.csproj", "{ABC14761-83D3-43BA-80F5-9EA318E06184}"
EndProject
Project("{FAE04EC0-301F-11D3-BF4B-00C04F79EFBC}") = "AuthzEntitlements.Bank.Api.Tests", "tests\AuthzEntitlements.Bank.Api.Tests\AuthzEntitlements.Bank.Api.Tests.csproj", "{BF7FB47B-2F67-4293-B57B-BCEEE93E56E0}"
EndProject
Project("{FAE04EC0-301F-11D3-BF4B-00C04F79EFBC}") = "AuthzEntitlements.Bank.Web", "src\AuthzEntitlements.Bank.Web\AuthzEntitlements.Bank.Web.csproj", "{9AD9F4B9-1932-4D8D-8958-5B8025F333D7}"
EndProject
Project("{FAE04EC0-301F-11D3-BF4B-00C04F79EFBC}") = "AuthzEntitlements.Edge.Gateway", "src\AuthzEntitlements.Edge.Gateway\AuthzEntitlements.Edge.Gateway.csproj", "{7F616C0B-A8D7-4086-85BE-3732D388D71E}"
EndProject
Project("{2150E333-8FDC-42A3-9474-1A3956D46DE8}") = "tests", "tests", "{0AB3BF05-4346-4AA6-1389-037BE0695223}"
EndProject
Project("{FAE04EC0-301F-11D3-BF4B-00C04F79EFBC}") = "AuthzEntitlements.Edge.Gateway.Tests", "tests\AuthzEntitlements.Edge.Gateway.Tests\AuthzEntitlements.Edge.Gateway.Tests.csproj", "{4F66AD18-BABA-4E1E-9B9A-CA9C5A1E21C2}"
EndProject
Project("{FAE04EC0-301F-11D3-BF4B-00C04F79EFBC}") = "AuthzEntitlements.Entitlements.Service", "src\AuthzEntitlements.Entitlements.Service\AuthzEntitlements.Entitlements.Service.csproj", "{985666B1-A092-4F76-A3FD-6530392FB107}"
EndProject
Project("{FAE04EC0-301F-11D3-BF4B-00C04F79EFBC}") = "AuthzEntitlements.Entitlements.Service.Tests", "tests\AuthzEntitlements.Entitlements.Service.Tests\AuthzEntitlements.Entitlements.Service.Tests.csproj", "{2AD204CF-3C14-4940-85C2-2BA55D3DA434}"
EndProject
Project("{FAE04EC0-301F-11D3-BF4B-00C04F79EFBC}") = "AuthzEntitlements.Authz.Pdp", "src\AuthzEntitlements.Authz.Pdp\AuthzEntitlements.Authz.Pdp.csproj", "{7E04320A-FD6B-468E-B121-3A411429B107}"
EndProject
Project("{FAE04EC0-301F-11D3-BF4B-00C04F79EFBC}") = "AuthzEntitlements.Authz.Pdp.Tests", "tests\AuthzEntitlements.Authz.Pdp.Tests\AuthzEntitlements.Authz.Pdp.Tests.csproj", "{B698B3B8-E5FE-4429-8120-F6043A240BE8}"
EndProject
Project("{FAE04EC0-301F-11D3-BF4B-00C04F79EFBC}") = "AuthzEntitlements.Audit.Service", "src\AuthzEntitlements.Audit.Service\AuthzEntitlements.Audit.Service.csproj", "{D6BA2C1B-64C0-43B6-871A-BDDB9B2D29F5}"
EndProject
Project("{FAE04EC0-301F-11D3-BF4B-00C04F79EFBC}") = "AuthzEntitlements.Audit.Service.Tests", "tests\AuthzEntitlements.Audit.Service.Tests\AuthzEntitlements.Audit.Service.Tests.csproj", "{AEFC1683-0349-470A-94A4-2F7AC32D6B55}"
EndProject
Project("{FAE04EC0-301F-11D3-BF4B-00C04F79EFBC}") = "AuthzEntitlements.Governance.Service", "src\AuthzEntitlements.Governance.Service\AuthzEntitlements.Governance.Service.csproj", "{E72186E4-A545-4F2F-8F91-F8523E2769BC}"
EndProject
Project("{FAE04EC0-301F-11D3-BF4B-00C04F79EFBC}") = "AuthzEntitlements.Governance.Service.Tests", "tests\AuthzEntitlements.Governance.Service.Tests\AuthzEntitlements.Governance.Service.Tests.csproj", "{6FAC8D13-E406-4541-8D70-2A049787FAC6}"
EndProject
Global
	GlobalSection(SolutionConfigurationPlatforms) = preSolution
		Debug|Any CPU = Debug|Any CPU
		Debug|x64 = Debug|x64
		Debug|x86 = Debug|x86
		Release|Any CPU = Release|Any CPU
		Release|x64 = Release|x64
		Release|x86 = Release|x86
	EndGlobalSection
	GlobalSection(ProjectConfigurationPlatforms) = postSolution
		{EDC14229-0DD0-4B60-ACBC-0D5C3D940B28}.Debug|Any CPU.ActiveCfg = Debug|Any CPU
		{EDC14229-0DD0-4B60-ACBC-0D5C3D940B28}.Debug|Any CPU.Build.0 = Debug|Any CPU
		{EDC14229-0DD0-4B60-ACBC-0D5C3D940B28}.Debug|x64.ActiveCfg = Debug|Any CPU
		{EDC14229-0DD0-4B60-ACBC-0D5C3D940B28}.Debug|x64.Build.0 = Debug|Any CPU
		{EDC14229-0DD0-4B60-ACBC-0D5C3D940B28}.Debug|x86.ActiveCfg = Debug|Any CPU
		{EDC14229-0DD0-4B60-ACBC-0D5C3D940B28}.Debug|x86.Build.0 = Debug|Any CPU
		{EDC14229-0DD0-4B60-ACBC-0D5C3D940B28}.Release|Any CPU.ActiveCfg = Release|Any CPU
		{EDC14229-0DD0-4B60-ACBC-0D5C3D940B28}.Release|Any CPU.Build.0 = Release|Any CPU
		{EDC14229-0DD0-4B60-ACBC-0D5C3D940B28}.Release|x64.ActiveCfg = Release|Any CPU
		{EDC14229-0DD0-4B60-ACBC-0D5C3D940B28}.Release|x64.Build.0 = Release|Any CPU
		{EDC14229-0DD0-4B60-ACBC-0D5C3D940B28}.Release|x86.ActiveCfg = Release|Any CPU
		{EDC14229-0DD0-4B60-ACBC-0D5C3D940B28}.Release|x86.Build.0 = Release|Any CPU
		{F875EF3A-C973-447F-8F36-B5BC129EB8E4}.Debug|Any CPU.ActiveCfg = Debug|Any CPU
		{F875EF3A-C973-447F-8F36-B5BC129EB8E4}.Debug|Any CPU.Build.0 = Debug|Any CPU
		{F875EF3A-C973-447F-8F36-B5BC129EB8E4}.Debug|x64.ActiveCfg = Debug|Any CPU
		{F875EF3A-C973-447F-8F36-B5BC129EB8E4}.Debug|x64.Build.0 = Debug|Any CPU
		{F875EF3A-C973-447F-8F36-B5BC129EB8E4}.Debug|x86.ActiveCfg = Debug|Any CPU
		{F875EF3A-C973-447F-8F36-B5BC129EB8E4}.Debug|x86.Build.0 = Debug|Any CPU
		{F875EF3A-C973-447F-8F36-B5BC129EB8E4}.Release|Any CPU.ActiveCfg = Release|Any CPU
		{F875EF3A-C973-447F-8F36-B5BC129EB8E4}.Release|Any CPU.Build.0 = Release|Any CPU
		{F875EF3A-C973-447F-8F36-B5BC129EB8E4}.Release|x64.ActiveCfg = Release|Any CPU
		{F875EF3A-C973-447F-8F36-B5BC129EB8E4}.Release|x64.Build.0 = Release|Any CPU
		{F875EF3A-C973-447F-8F36-B5BC129EB8E4}.Release|x86.ActiveCfg = Release|Any CPU
		{F875EF3A-C973-447F-8F36-B5BC129EB8E4}.Release|x86.Build.0 = Release|Any CPU
		{ABC14761-83D3-43BA-80F5-9EA318E06184}.Debug|Any CPU.ActiveCfg = Debug|Any CPU
		{ABC14761-83D3-43BA-80F5-9EA318E06184}.Debug|Any CPU.Build.0 = Debug|Any CPU
		{ABC14761-83D3-43BA-80F5-9EA318E06184}.Debug|x64.ActiveCfg = Debug|Any CPU
		{ABC14761-83D3-43BA-80F5-9EA318E06184}.Debug|x64.Build.0 = Debug|Any CPU
		{ABC14761-83D3-43BA-80F5-9EA318E06184}.Debug|x86.ActiveCfg = Debug|Any CPU
		{ABC14761-83D3-43BA-80F5-9EA318E06184}.Debug|x86.Build.0 = Debug|Any CPU
		{ABC14761-83D3-43BA-80F5-9EA318E06184}.Release|Any CPU.ActiveCfg = Release|Any CPU
		{ABC14761-83D3-43BA-80F5-9EA318E06184}.Release|Any CPU.Build.0 = Release|Any CPU
		{ABC14761-83D3-43BA-80F5-9EA318E06184}.Release|x64.ActiveCfg = Release|Any CPU
		{ABC14761-83D3-43BA-80F5-9EA318E06184}.Release|x64.Build.0 = Release|Any CPU
		{ABC14761-83D3-43BA-80F5-9EA318E06184}.Release|x86.ActiveCfg = Release|Any CPU
		{ABC14761-83D3-43BA-80F5-9EA318E06184}.Release|x86.Build.0 = Release|Any CPU
		{BF7FB47B-2F67-4293-B57B-BCEEE93E56E0}.Debug|Any CPU.ActiveCfg = Debug|Any CPU
		{BF7FB47B-2F67-4293-B57B-BCEEE93E56E0}.Debug|Any CPU.Build.0 = Debug|Any CPU
		{BF7FB47B-2F67-4293-B57B-BCEEE93E56E0}.Debug|x64.ActiveCfg = Debug|Any CPU
		{BF7FB47B-2F67-4293-B57B-BCEEE93E56E0}.Debug|x64.Build.0 = Debug|Any CPU
		{BF7FB47B-2F67-4293-B57B-BCEEE93E56E0}.Debug|x86.ActiveCfg = Debug|Any CPU
		{BF7FB47B-2F67-4293-B57B-BCEEE93E56E0}.Debug|x86.Build.0 = Debug|Any CPU
		{BF7FB47B-2F67-4293-B57B-BCEEE93E56E0}.Release|Any CPU.ActiveCfg = Release|Any CPU
		{BF7FB47B-2F67-4293-B57B-BCEEE93E56E0}.Release|Any CPU.Build.0 = Release|Any CPU
		{BF7FB47B-2F67-4293-B57B-BCEEE93E56E0}.Release|x64.ActiveCfg = Release|Any CPU
		{BF7FB47B-2F67-4293-B57B-BCEEE93E56E0}.Release|x64.Build.0 = Release|Any CPU
		{BF7FB47B-2F67-4293-B57B-BCEEE93E56E0}.Release|x86.ActiveCfg = Release|Any CPU
		{BF7FB47B-2F67-4293-B57B-BCEEE93E56E0}.Release|x86.Build.0 = Release|Any CPU
		{9AD9F4B9-1932-4D8D-8958-5B8025F333D7}.Debug|Any CPU.ActiveCfg = Debug|Any CPU
		{9AD9F4B9-1932-4D8D-8958-5B8025F333D7}.Debug|Any CPU.Build.0 = Debug|Any CPU
		{9AD9F4B9-1932-4D8D-8958-5B8025F333D7}.Debug|x64.ActiveCfg = Debug|Any CPU
		{9AD9F4B9-1932-4D8D-8958-5B8025F333D7}.Debug|x64.Build.0 = Debug|Any CPU
		{9AD9F4B9-1932-4D8D-8958-5B8025F333D7}.Debug|x86.ActiveCfg = Debug|Any CPU
		{9AD9F4B9-1932-4D8D-8958-5B8025F333D7}.Debug|x86.Build.0 = Debug|Any CPU
		{9AD9F4B9-1932-4D8D-8958-5B8025F333D7}.Release|Any CPU.ActiveCfg = Release|Any CPU
		{9AD9F4B9-1932-4D8D-8958-5B8025F333D7}.Release|Any CPU.Build.0 = Release|Any CPU
		{9AD9F4B9-1932-4D8D-8958-5B8025F333D7}.Release|x64.ActiveCfg = Release|Any CPU
		{9AD9F4B9-1932-4D8D-8958-5B8025F333D7}.Release|x64.Build.0 = Release|Any CPU
		{9AD9F4B9-1932-4D8D-8958-5B8025F333D7}.Release|x86.ActiveCfg = Release|Any CPU
		{9AD9F4B9-1932-4D8D-8958-5B8025F333D7}.Release|x86.Build.0 = Release|Any CPU
		{7F616C0B-A8D7-4086-85BE-3732D388D71E}.Debug|Any CPU.ActiveCfg = Debug|Any CPU
		{7F616C0B-A8D7-4086-85BE-3732D388D71E}.Debug|Any CPU.Build.0 = Debug|Any CPU
		{7F616C0B-A8D7-4086-85BE-3732D388D71E}.Debug|x64.ActiveCfg = Debug|Any CPU
		{7F616C0B-A8D7-4086-85BE-3732D388D71E}.Debug|x64.Build.0 = Debug|Any CPU
		{7F616C0B-A8D7-4086-85BE-3732D388D71E}.Debug|x86.ActiveCfg = Debug|Any CPU
		{7F616C0B-A8D7-4086-85BE-3732D388D71E}.Debug|x86.Build.0 = Debug|Any CPU
		{7F616C0B-A8D7-4086-85BE-3732D388D71E}.Release|Any CPU.ActiveCfg = Release|Any CPU
		{7F616C0B-A8D7-4086-85BE-3732D388D71E}.Release|Any CPU.Build.0 = Release|Any CPU
		{7F616C0B-A8D7-4086-85BE-3732D388D71E}.Release|x64.ActiveCfg = Release|Any CPU
		{7F616C0B-A8D7-4086-85BE-3732D388D71E}.Release|x64.Build.0 = Release|Any CPU
		{7F616C0B-A8D7-4086-85BE-3732D388D71E}.Release|x86.ActiveCfg = Release|Any CPU
		{7F616C0B-A8D7-4086-85BE-3732D388D71E}.Release|x86.Build.0 = Release|Any CPU
		{4F66AD18-BABA-4E1E-9B9A-CA9C5A1E21C2}.Debug|Any CPU.ActiveCfg = Debug|Any CPU
		{4F66AD18-BABA-4E1E-9B9A-CA9C5A1E21C2}.Debug|Any CPU.Build.0 = Debug|Any CPU
		{4F66AD18-BABA-4E1E-9B9A-CA9C5A1E21C2}.Debug|x64.ActiveCfg = Debug|Any CPU
		{4F66AD18-BABA-4E1E-9B9A-CA9C5A1E21C2}.Debug|x64.Build.0 = Debug|Any CPU
		{4F66AD18-BABA-4E1E-9B9A-CA9C5A1E21C2}.Debug|x86.ActiveCfg = Debug|Any CPU
		{4F66AD18-BABA-4E1E-9B9A-CA9C5A1E21C2}.Debug|x86.Build.0 = Debug|Any CPU
		{4F66AD18-BABA-4E1E-9B9A-CA9C5A1E21C2}.Release|Any CPU.ActiveCfg = Release|Any CPU
		{4F66AD18-BABA-4E1E-9B9A-CA9C5A1E21C2}.Release|Any CPU.Build.0 = Release|Any CPU
		{4F66AD18-BABA-4E1E-9B9A-CA9C5A1E21C2}.Release|x64.ActiveCfg = Release|Any CPU
		{4F66AD18-BABA-4E1E-9B9A-CA9C5A1E21C2}.Release|x64.Build.0 = Release|Any CPU
		{4F66AD18-BABA-4E1E-9B9A-CA9C5A1E21C2}.Release|x86.ActiveCfg = Release|Any CPU
		{4F66AD18-BABA-4E1E-9B9A-CA9C5A1E21C2}.Release|x86.Build.0 = Release|Any CPU
		{985666B1-A092-4F76-A3FD-6530392FB107}.Debug|Any CPU.ActiveCfg = Debug|Any CPU
		{985666B1-A092-4F76-A3FD-6530392FB107}.Debug|Any CPU.Build.0 = Debug|Any CPU
		{985666B1-A092-4F76-A3FD-6530392FB107}.Debug|x64.ActiveCfg = Debug|Any CPU
		{985666B1-A092-4F76-A3FD-6530392FB107}.Debug|x64.Build.0 = Debug|Any CPU
		{985666B1-A092-4F76-A3FD-6530392FB107}.Debug|x86.ActiveCfg = Debug|Any CPU
		{985666B1-A092-4F76-A3FD-6530392FB107}.Debug|x86.Build.0 = Debug|Any CPU
		{985666B1-A092-4F76-A3FD-6530392FB107}.Release|Any CPU.ActiveCfg = Release|Any CPU
		{985666B1-A092-4F76-A3FD-6530392FB107}.Release|Any CPU.Build.0 = Release|Any CPU
		{985666B1-A092-4F76-A3FD-6530392FB107}.Release|x64.ActiveCfg = Release|Any CPU
		{985666B1-A092-4F76-A3FD-6530392FB107}.Release|x64.Build.0 = Release|Any CPU
		{985666B1-A092-4F76-A3FD-6530392FB107}.Release|x86.ActiveCfg = Release|Any CPU
		{985666B1-A092-4F76-A3FD-6530392FB107}.Release|x86.Build.0 = Release|Any CPU
		{2AD204CF-3C14-4940-85C2-2BA55D3DA434}.Debug|Any CPU.ActiveCfg = Debug|Any CPU
		{2AD204CF-3C14-4940-85C2-2BA55D3DA434}.Debug|Any CPU.Build.0 = Debug|Any CPU
		{2AD204CF-3C14-4940-85C2-2BA55D3DA434}.Debug|x64.ActiveCfg = Debug|Any CPU
		{2AD204CF-3C14-4940-85C2-2BA55D3DA434}.Debug|x64.Build.0 = Debug|Any CPU
		{2AD204CF-3C14-4940-85C2-2BA55D3DA434}.Debug|x86.ActiveCfg = Debug|Any CPU
		{2AD204CF-3C14-4940-85C2-2BA55D3DA434}.Debug|x86.Build.0 = Debug|Any CPU
		{2AD204CF-3C14-4940-85C2-2BA55D3DA434}.Release|Any CPU.ActiveCfg = Release|Any CPU
		{2AD204CF-3C14-4940-85C2-2BA55D3DA434}.Release|Any CPU.Build.0 = Release|Any CPU
		{2AD204CF-3C14-4940-85C2-2BA55D3DA434}.Release|x64.ActiveCfg = Release|Any CPU
		{2AD204CF-3C14-4940-85C2-2BA55D3DA434}.Release|x64.Build.0 = Release|Any CPU
		{2AD204CF-3C14-4940-85C2-2BA55D3DA434}.Release|x86.ActiveCfg = Release|Any CPU
		{2AD204CF-3C14-4940-85C2-2BA55D3DA434}.Release|x86.Build.0 = Release|Any CPU
		{7E04320A-FD6B-468E-B121-3A411429B107}.Debug|Any CPU.ActiveCfg = Debug|Any CPU
		{7E04320A-FD6B-468E-B121-3A411429B107}.Debug|Any CPU.Build.0 = Debug|Any CPU
		{7E04320A-FD6B-468E-B121-3A411429B107}.Debug|x64.ActiveCfg = Debug|Any CPU
		{7E04320A-FD6B-468E-B121-3A411429B107}.Debug|x64.Build.0 = Debug|Any CPU
		{7E04320A-FD6B-468E-B121-3A411429B107}.Debug|x86.ActiveCfg = Debug|Any CPU
		{7E04320A-FD6B-468E-B121-3A411429B107}.Debug|x86.Build.0 = Debug|Any CPU
		{7E04320A-FD6B-468E-B121-3A411429B107}.Release|Any CPU.ActiveCfg = Release|Any CPU
		{7E04320A-FD6B-468E-B121-3A411429B107}.Release|Any CPU.Build.0 = Release|Any CPU
		{7E04320A-FD6B-468E-B121-3A411429B107}.Release|x64.ActiveCfg = Release|Any CPU
		{7E04320A-FD6B-468E-B121-3A411429B107}.Release|x64.Build.0 = Release|Any CPU
		{7E04320A-FD6B-468E-B121-3A411429B107}.Release|x86.ActiveCfg = Release|Any CPU
		{7E04320A-FD6B-468E-B121-3A411429B107}.Release|x86.Build.0 = Release|Any CPU
		{B698B3B8-E5FE-4429-8120-F6043A240BE8}.Debug|Any CPU.ActiveCfg = Debug|Any CPU
		{B698B3B8-E5FE-4429-8120-F6043A240BE8}.Debug|Any CPU.Build.0 = Debug|Any CPU
		{B698B3B8-E5FE-4429-8120-F6043A240BE8}.Debug|x64.ActiveCfg = Debug|Any CPU
		{B698B3B8-E5FE-4429-8120-F6043A240BE8}.Debug|x64.Build.0 = Debug|Any CPU
		{B698B3B8-E5FE-4429-8120-F6043A240BE8}.Debug|x86.ActiveCfg = Debug|Any CPU
		{B698B3B8-E5FE-4429-8120-F6043A240BE8}.Debug|x86.Build.0 = Debug|Any CPU
		{B698B3B8-E5FE-4429-8120-F6043A240BE8}.Release|Any CPU.ActiveCfg = Release|Any CPU
		{B698B3B8-E5FE-4429-8120-F6043A240BE8}.Release|Any CPU.Build.0 = Release|Any CPU
		{B698B3B8-E5FE-4429-8120-F6043A240BE8}.Release|x64.ActiveCfg = Release|Any CPU
		{B698B3B8-E5FE-4429-8120-F6043A240BE8}.Release|x64.Build.0 = Release|Any CPU
		{B698B3B8-E5FE-4429-8120-F6043A240BE8}.Release|x86.ActiveCfg = Release|Any CPU
		{B698B3B8-E5FE-4429-8120-F6043A240BE8}.Release|x86.Build.0 = Release|Any CPU
		{D6BA2C1B-64C0-43B6-871A-BDDB9B2D29F5}.Debug|Any CPU.ActiveCfg = Debug|Any CPU
		{D6BA2C1B-64C0-43B6-871A-BDDB9B2D29F5}.Debug|Any CPU.Build.0 = Debug|Any CPU
		{D6BA2C1B-64C0-43B6-871A-BDDB9B2D29F5}.Debug|x64.ActiveCfg = Debug|Any CPU
		{D6BA2C1B-64C0-43B6-871A-BDDB9B2D29F5}.Debug|x64.Build.0 = Debug|Any CPU
		{D6BA2C1B-64C0-43B6-871A-BDDB9B2D29F5}.Debug|x86.ActiveCfg = Debug|Any CPU
		{D6BA2C1B-64C0-43B6-871A-BDDB9B2D29F5}.Debug|x86.Build.0 = Debug|Any CPU
		{D6BA2C1B-64C0-43B6-871A-BDDB9B2D29F5}.Release|Any CPU.ActiveCfg = Release|Any CPU
		{D6BA2C1B-64C0-43B6-871A-BDDB9B2D29F5}.Release|Any CPU.Build.0 = Release|Any CPU
		{D6BA2C1B-64C0-43B6-871A-BDDB9B2D29F5}.Release|x64.ActiveCfg = Release|Any CPU
		{D6BA2C1B-64C0-43B6-871A-BDDB9B2D29F5}.Release|x64.Build.0 = Release|Any CPU
		{D6BA2C1B-64C0-43B6-871A-BDDB9B2D29F5}.Release|x86.ActiveCfg = Release|Any CPU
		{D6BA2C1B-64C0-43B6-871A-BDDB9B2D29F5}.Release|x86.Build.0 = Release|Any CPU
		{AEFC1683-0349-470A-94A4-2F7AC32D6B55}.Debug|Any CPU.ActiveCfg = Debug|Any CPU
		{AEFC1683-0349-470A-94A4-2F7AC32D6B55}.Debug|Any CPU.Build.0 = Debug|Any CPU
		{AEFC1683-0349-470A-94A4-2F7AC32D6B55}.Debug|x64.ActiveCfg = Debug|Any CPU
		{AEFC1683-0349-470A-94A4-2F7AC32D6B55}.Debug|x64.Build.0 = Debug|Any CPU
		{AEFC1683-0349-470A-94A4-2F7AC32D6B55}.Debug|x86.ActiveCfg = Debug|Any CPU
		{AEFC1683-0349-470A-94A4-2F7AC32D6B55}.Debug|x86.Build.0 = Debug|Any CPU
		{AEFC1683-0349-470A-94A4-2F7AC32D6B55}.Release|Any CPU.ActiveCfg = Release|Any CPU
		{AEFC1683-0349-470A-94A4-2F7AC32D6B55}.Release|Any CPU.Build.0 = Release|Any CPU
		{AEFC1683-0349-470A-94A4-2F7AC32D6B55}.Release|x64.ActiveCfg = Release|Any CPU
		{AEFC1683-0349-470A-94A4-2F7AC32D6B55}.Release|x64.Build.0 = Release|Any CPU
		{AEFC1683-0349-470A-94A4-2F7AC32D6B55}.Release|x86.ActiveCfg = Release|Any CPU
		{AEFC1683-0349-470A-94A4-2F7AC32D6B55}.Release|x86.Build.0 = Release|Any CPU
		{E72186E4-A545-4F2F-8F91-F8523E2769BC}.Debug|Any CPU.ActiveCfg = Debug|Any CPU
		{E72186E4-A545-4F2F-8F91-F8523E2769BC}.Debug|Any CPU.Build.0 = Debug|Any CPU
		{E72186E4-A545-4F2F-8F91-F8523E2769BC}.Debug|x64.ActiveCfg = Debug|Any CPU
		{E72186E4-A545-4F2F-8F91-F8523E2769BC}.Debug|x64.Build.0 = Debug|Any CPU
		{E72186E4-A545-4F2F-8F91-F8523E2769BC}.Debug|x86.ActiveCfg = Debug|Any CPU
		{E72186E4-A545-4F2F-8F91-F8523E2769BC}.Debug|x86.Build.0 = Debug|Any CPU
		{E72186E4-A545-4F2F-8F91-F8523E2769BC}.Release|Any CPU.ActiveCfg = Release|Any CPU
		{E72186E4-A545-4F2F-8F91-F8523E2769BC}.Release|Any CPU.Build.0 = Release|Any CPU
		{E72186E4-A545-4F2F-8F91-F8523E2769BC}.Release|x64.ActiveCfg = Release|Any CPU
		{E72186E4-A545-4F2F-8F91-F8523E2769BC}.Release|x64.Build.0 = Release|Any CPU
		{E72186E4-A545-4F2F-8F91-F8523E2769BC}.Release|x86.ActiveCfg = Release|Any CPU
		{E72186E4-A545-4F2F-8F91-F8523E2769BC}.Release|x86.Build.0 = Release|Any CPU
		{6FAC8D13-E406-4541-8D70-2A049787FAC6}.Debug|Any CPU.ActiveCfg = Debug|Any CPU
		{6FAC8D13-E406-4541-8D70-2A049787FAC6}.Debug|Any CPU.Build.0 = Debug|Any CPU
		{6FAC8D13-E406-4541-8D70-2A049787FAC6}.Debug|x64.ActiveCfg = Debug|Any CPU
		{6FAC8D13-E406-4541-8D70-2A049787FAC6}.Debug|x64.Build.0 = Debug|Any CPU
		{6FAC8D13-E406-4541-8D70-2A049787FAC6}.Debug|x86.ActiveCfg = Debug|Any CPU
		{6FAC8D13-E406-4541-8D70-2A049787FAC6}.Debug|x86.Build.0 = Debug|Any CPU
		{6FAC8D13-E406-4541-8D70-2A049787FAC6}.Release|Any CPU.ActiveCfg = Release|Any CPU
		{6FAC8D13-E406-4541-8D70-2A049787FAC6}.Release|Any CPU.Build.0 = Release|Any CPU
		{6FAC8D13-E406-4541-8D70-2A049787FAC6}.Release|x64.ActiveCfg = Release|Any CPU
		{6FAC8D13-E406-4541-8D70-2A049787FAC6}.Release|x64.Build.0 = Release|Any CPU
		{6FAC8D13-E406-4541-8D70-2A049787FAC6}.Release|x86.ActiveCfg = Release|Any CPU
		{6FAC8D13-E406-4541-8D70-2A049787FAC6}.Release|x86.Build.0 = Release|Any CPU
	EndGlobalSection
	GlobalSection(SolutionProperties) = preSolution
		HideSolutionNode = FALSE
	EndGlobalSection
	GlobalSection(NestedProjects) = preSolution
		{EDC14229-0DD0-4B60-ACBC-0D5C3D940B28} = {827E0CD3-B72D-47B6-A68D-7590B98EB39B}
		{F875EF3A-C973-447F-8F36-B5BC129EB8E4} = {827E0CD3-B72D-47B6-A68D-7590B98EB39B}
		{ABC14761-83D3-43BA-80F5-9EA318E06184} = {827E0CD3-B72D-47B6-A68D-7590B98EB39B}
		{BF7FB47B-2F67-4293-B57B-BCEEE93E56E0} = {827E0CD3-B72D-47B6-A68D-7590B98EB39B}
		{9AD9F4B9-1932-4D8D-8958-5B8025F333D7} = {827E0CD3-B72D-47B6-A68D-7590B98EB39B}
		{7F616C0B-A8D7-4086-85BE-3732D388D71E} = {827E0CD3-B72D-47B6-A68D-7590B98EB39B}
		{4F66AD18-BABA-4E1E-9B9A-CA9C5A1E21C2} = {0AB3BF05-4346-4AA6-1389-037BE0695223}
		{985666B1-A092-4F76-A3FD-6530392FB107} = {827E0CD3-B72D-47B6-A68D-7590B98EB39B}
		{2AD204CF-3C14-4940-85C2-2BA55D3DA434} = {0AB3BF05-4346-4AA6-1389-037BE0695223}
		{7E04320A-FD6B-468E-B121-3A411429B107} = {827E0CD3-B72D-47B6-A68D-7590B98EB39B}
		{B698B3B8-E5FE-4429-8120-F6043A240BE8} = {0AB3BF05-4346-4AA6-1389-037BE0695223}
		{D6BA2C1B-64C0-43B6-871A-BDDB9B2D29F5} = {827E0CD3-B72D-47B6-A68D-7590B98EB39B}
		{AEFC1683-0349-470A-94A4-2F7AC32D6B55} = {0AB3BF05-4346-4AA6-1389-037BE0695223}
		{E72186E4-A545-4F2F-8F91-F8523E2769BC} = {827E0CD3-B72D-47B6-A68D-7590B98EB39B}
		{6FAC8D13-E406-4541-8D70-2A049787FAC6} = {0AB3BF05-4346-4AA6-1389-037BE0695223}
	EndGlobalSection
EndGlobal
