
Microsoft Visual Studio Solution File, Format Version 12.00
# Visual Studio Version 17
VisualStudioVersion = 17.0.31903.59
MinimumVisualStudioVersion = 10.0.40219.1
Project("{2150E333-8FDC-42A3-9474-1A3956D46DE8}") = "src", "src", "{827E0CD3-B72D-47B6-A68D-7590B98EB39B}"
EndProject
Project("{FAE04EC0-301F-11D3-BF4B-00C04F79EFBC}") = "AuthzEntitlements.AppHost", "src\AuthzEntitlements.AppHost\AuthzEntitlements.AppHost.csproj", "{EDC14229-0DD0-4B60-ACBC-0D5C3D940B28}"
EndProject
Project("{FAE04EC0-301F-11D3-BF4B-00C04F79EFBC}") = "AuthzEntitlements.ServiceDefaults", "src\AuthzEntitlements.ServiceDefaults\AuthzEntitlements.ServiceDefaults.csproj", "{F875EF3A-C973-447F-8F36-B5BC129EB8E4}"
EndProject
Project("{FAE04EC0-301F-11D3-BF4B-00C04F79EFBC}") = "AuthzEntitlements.Bank.Api", "src\AuthzEntitlements.Bank.Api\AuthzEntitlements.Bank.Api.csproj", "{ABC14761-83D3-43BA-80F5-9EA318E06184}"
EndProject
Project("{FAE04EC0-301F-11D3-BF4B-00C04F79EFBC}") = "AuthzEntitlements.Bank.Api.Tests", "tests\AuthzEntitlements.Bank.Api.Tests\AuthzEntitlements.Bank.Api.Tests.csproj", "{BF7FB47B-2F67-4293-B57B-BCEEE93E56E0}"
EndProject
Project("{FAE04EC0-301F-11D3-BF4B-00C04F79EFBC}") = "AuthzEntitlements.Bank.Web", "src\AuthzEntitlements.Bank.Web\AuthzEntitlements.Bank.Web.csproj", "{9AD9F4B9-1932-4D8D-8958-5B8025F333D7}"
EndProject
Project("{FAE04EC0-301F-11D3-BF4B-00C04F79EFBC}") = "AuthzEntitlements.Entitlements.Service", "src\AuthzEntitlements.Entitlements.Service\AuthzEntitlements.Entitlements.Service.csproj", "{C409781C-D75A-4049-8501-E967018A4F4E}"
EndProject
Project("{2150E333-8FDC-42A3-9474-1A3956D46DE8}") = "tests", "tests", "{0AB3BF05-4346-4AA6-1389-037BE0695223}"
EndProject
Project("{FAE04EC0-301F-11D3-BF4B-00C04F79EFBC}") = "AuthzEntitlements.Entitlements.Service.Tests", "tests\AuthzEntitlements.Entitlements.Service.Tests\AuthzEntitlements.Entitlements.Service.Tests.csproj", "{238D9FAD-8C6A-4573-B1E2-BDE9EF9C0696}"
EndProject
Global
	GlobalSection(SolutionConfigurationPlatforms) = preSolution
		Debug|Any CPU = Debug|Any CPU
		Debug|x64 = Debug|x64
		Debug|x86 = Debug|x86
		Release|Any CPU = Release|Any CPU
		Release|x64 = Release|x64
		Release|x86 = Release|x86
	EndGlobalSection
	GlobalSection(ProjectConfigurationPlatforms) = postSolution
		{EDC14229-0DD0-4B60-ACBC-0D5C3D940B28}.Debug|Any CPU.ActiveCfg = Debug|Any CPU
		{EDC14229-0DD0-4B60-ACBC-0D5C3D940B28}.Debug|Any CPU.Build.0 = Debug|Any CPU
		{EDC14229-0DD0-4B60-ACBC-0D5C3D940B28}.Debug|x64.ActiveCfg = Debug|Any CPU
		{EDC14229-0DD0-4B60-ACBC-0D5C3D940B28}.Debug|x64.Build.0 = Debug|Any CPU
		{EDC14229-0DD0-4B60-ACBC-0D5C3D940B28}.Debug|x86.ActiveCfg = Debug|Any CPU
		{EDC14229-0DD0-4B60-ACBC-0D5C3D940B28}.Debug|x86.Build.0 = Debug|Any CPU
		{EDC14229-0DD0-4B60-ACBC-0D5C3D940B28}.Release|Any CPU.ActiveCfg = Release|Any CPU
		{EDC14229-0DD0-4B60-ACBC-0D5C3D940B28}.Release|Any CPU.Build.0 = Release|Any CPU
		{EDC14229-0DD0-4B60-ACBC-0D5C3D940B28}.Release|x64.ActiveCfg = Release|Any CPU
		{EDC14229-0DD0-4B60-ACBC-0D5C3D940B28}.Release|x64.Build.0 = Release|Any CPU
		{EDC14229-0DD0-4B60-ACBC-0D5C3D940B28}.Release|x86.ActiveCfg = Release|Any CPU
		{EDC14229-0DD0-4B60-ACBC-0D5C3D940B28}.Release|x86.Build.0 = Release|Any CPU
		{F875EF3A-C973-447F-8F36-B5BC129EB8E4}.Debug|Any CPU.ActiveCfg = Debug|Any CPU
		{F875EF3A-C973-447F-8F36-B5BC129EB8E4}.Debug|Any CPU.Build.0 = Debug|Any CPU
		{F875EF3A-C973-447F-8F36-B5BC129EB8E4}.Debug|x64.ActiveCfg = Debug|Any CPU
		{F875EF3A-C973-447F-8F36-B5BC129EB8E4}.Debug|x64.Build.0 = Debug|Any CPU
		{F875EF3A-C973-447F-8F36-B5BC129EB8E4}.Debug|x86.ActiveCfg = Debug|Any CPU
		{F875EF3A-C973-447F-8F36-B5BC129EB8E4}.Debug|x86.Build.0 = Debug|Any CPU
		{F875EF3A-C973-447F-8F36-B5BC129EB8E4}.Release|Any CPU.ActiveCfg = Release|Any CPU
		{F875EF3A-C973-447F-8F36-B5BC129EB8E4}.Release|Any CPU.Build.0 = Release|Any CPU
		{F875EF3A-C973-447F-8F36-B5BC129EB8E4}.Release|x64.ActiveCfg = Release|Any CPU
		{F875EF3A-C973-447F-8F36-B5BC129EB8E4}.Release|x64.Build.0 = Release|Any CPU
		{F875EF3A-C973-447F-8F36-B5BC129EB8E4}.Release|x86.ActiveCfg = Release|Any CPU
		{F875EF3A-C973-447F-8F36-B5BC129EB8E4}.Release|x86.Build.0 = Release|Any CPU
		{ABC14761-83D3-43BA-80F5-9EA318E06184}.Debug|Any CPU.ActiveCfg = Debug|Any CPU
		{ABC14761-83D3-43BA-80F5-9EA318E06184}.Debug|Any CPU.Build.0 = Debug|Any CPU
		{ABC14761-83D3-43BA-80F5-9EA318E06184}.Debug|x64.ActiveCfg = Debug|Any CPU
		{ABC14761-83D3-43BA-80F5-9EA318E06184}.Debug|x64.Build.0 = Debug|Any CPU
		{ABC14761-83D3-43BA-80F5-9EA318E06184}.Debug|x86.ActiveCfg = Debug|Any CPU
		{ABC14761-83D3-43BA-80F5-9EA318E06184}.Debug|x86.Build.0 = Debug|Any CPU
		{ABC14761-83D3-43BA-80F5-9EA318E06184}.Release|Any CPU.ActiveCfg = Release|Any CPU
		{ABC14761-83D3-43BA-80F5-9EA318E06184}.Release|Any CPU.Build.0 = Release|Any CPU
		{ABC14761-83D3-43BA-80F5-9EA318E06184}.Release|x64.ActiveCfg = Release|Any CPU
		{ABC14761-83D3-43BA-80F5-9EA318E06184}.Release|x64.Build.0 = Release|Any CPU
		{ABC14761-83D3-43BA-80F5-9EA318E06184}.Release|x86.ActiveCfg = Release|Any CPU
		{ABC14761-83D3-43BA-80F5-9EA318E06184}.Release|x86.Build.0 = Release|Any CPU
		{BF7FB47B-2F67-4293-B57B-BCEEE93E56E0}.Debug|Any CPU.ActiveCfg = Debug|Any CPU
		{BF7FB47B-2F67-4293-B57B-BCEEE93E56E0}.Debug|Any CPU.Build.0 = Debug|Any CPU
		{BF7FB47B-2F67-4293-B57B-BCEEE93E56E0}.Debug|x64.ActiveCfg = Debug|Any CPU
		{BF7FB47B-2F67-4293-B57B-BCEEE93E56E0}.Debug|x64.Build.0 = Debug|Any CPU
		{BF7FB47B-2F67-4293-B57B-BCEEE93E56E0}.Debug|x86.ActiveCfg = Debug|Any CPU
		{BF7FB47B-2F67-4293-B57B-BCEEE93E56E0}.Debug|x86.Build.0 = Debug|Any CPU
		{BF7FB47B-2F67-4293-B57B-BCEEE93E56E0}.Release|Any CPU.ActiveCfg = Release|Any CPU
		{BF7FB47B-2F67-4293-B57B-BCEEE93E56E0}.Release|Any CPU.Build.0 = Release|Any CPU
		{BF7FB47B-2F67-4293-B57B-BCEEE93E56E0}.Release|x64.ActiveCfg = Release|Any CPU
		{BF7FB47B-2F67-4293-B57B-BCEEE93E56E0}.Release|x64.Build.0 = Release|Any CPU
		{BF7FB47B-2F67-4293-B57B-BCEEE93E56E0}.Release|x86.ActiveCfg = Release|Any CPU
		{BF7FB47B-2F67-4293-B57B-BCEEE93E56E0}.Release|x86.Build.0 = Release|Any CPU
		{9AD9F4B9-1932-4D8D-8958-5B8025F333D7}.Debug|Any CPU.ActiveCfg = Debug|Any CPU
		{9AD9F4B9-1932-4D8D-8958-5B8025F333D7}.Debug|Any CPU.Build.0 = Debug|Any CPU
		{9AD9F4B9-1932-4D8D-8958-5B8025F333D7}.Debug|x64.ActiveCfg = Debug|Any CPU
		{9AD9F4B9-1932-4D8D-8958-5B8025F333D7}.Debug|x64.Build.0 = Debug|Any CPU
		{9AD9F4B9-1932-4D8D-8958-5B8025F333D7}.Debug|x86.ActiveCfg = Debug|Any CPU
		{9AD9F4B9-1932-4D8D-8958-5B8025F333D7}.Debug|x86.Build.0 = Debug|Any CPU
		{9AD9F4B9-1932-4D8D-8958-5B8025F333D7}.Release|Any CPU.ActiveCfg = Release|Any CPU
		{9AD9F4B9-1932-4D8D-8958-5B8025F333D7}.Release|Any CPU.Build.0 = Release|Any CPU
		{9AD9F4B9-1932-4D8D-8958-5B8025F333D7}.Release|x64.ActiveCfg = Release|Any CPU
		{9AD9F4B9-1932-4D8D-8958-5B8025F333D7}.Release|x64.Build.0 = Release|Any CPU
		{9AD9F4B9-1932-4D8D-8958-5B8025F333D7}.Release|x86.ActiveCfg = Release|Any CPU
		{9AD9F4B9-1932-4D8D-8958-5B8025F333D7}.Release|x86.Build.0 = Release|Any CPU
		{C409781C-D75A-4049-8501-E967018A4F4E}.Debug|Any CPU.ActiveCfg = Debug|Any CPU
		{C409781C-D75A-4049-8501-E967018A4F4E}.Debug|Any CPU.Build.0 = Debug|Any CPU
		{C409781C-D75A-4049-8501-E967018A4F4E}.Debug|x64.ActiveCfg = Debug|Any CPU
		{C409781C-D75A-4049-8501-E967018A4F4E}.Debug|x64.Build.0 = Debug|Any CPU
		{C409781C-D75A-4049-8501-E967018A4F4E}.Debug|x86.ActiveCfg = Debug|Any CPU
		{C409781C-D75A-4049-8501-E967018A4F4E}.Debug|x86.Build.0 = Debug|Any CPU
		{C409781C-D75A-4049-8501-E967018A4F4E}.Release|Any CPU.ActiveCfg = Release|Any CPU
		{C409781C-D75A-4049-8501-E967018A4F4E}.Release|Any CPU.Build.0 = Release|Any CPU
		{C409781C-D75A-4049-8501-E967018A4F4E}.Release|x64.ActiveCfg = Release|Any CPU
		{C409781C-D75A-4049-8501-E967018A4F4E}.Release|x64.Build.0 = Release|Any CPU
		{C409781C-D75A-4049-8501-E967018A4F4E}.Release|x86.ActiveCfg = Release|Any CPU
		{C409781C-D75A-4049-8501-E967018A4F4E}.Release|x86.Build.0 = Release|Any CPU
		{238D9FAD-8C6A-4573-B1E2-BDE9EF9C0696}.Debug|Any CPU.ActiveCfg = Debug|Any CPU
		{238D9FAD-8C6A-4573-B1E2-BDE9EF9C0696}.Debug|Any CPU.Build.0 = Debug|Any CPU
		{238D9FAD-8C6A-4573-B1E2-BDE9EF9C0696}.Debug|x64.ActiveCfg = Debug|Any CPU
		{238D9FAD-8C6A-4573-B1E2-BDE9EF9C0696}.Debug|x64.Build.0 = Debug|Any CPU
		{238D9FAD-8C6A-4573-B1E2-BDE9EF9C0696}.Debug|x86.ActiveCfg = Debug|Any CPU
		{238D9FAD-8C6A-4573-B1E2-BDE9EF9C0696}.Debug|x86.Build.0 = Debug|Any CPU
		{238D9FAD-8C6A-4573-B1E2-BDE9EF9C0696}.Release|Any CPU.ActiveCfg = Release|Any CPU
		{238D9FAD-8C6A-4573-B1E2-BDE9EF9C0696}.Release|Any CPU.Build.0 = Release|Any CPU
		{238D9FAD-8C6A-4573-B1E2-BDE9EF9C0696}.Release|x64.ActiveCfg = Release|Any CPU
		{238D9FAD-8C6A-4573-B1E2-BDE9EF9C0696}.Release|x64.Build.0 = Release|Any CPU
		{238D9FAD-8C6A-4573-B1E2-BDE9EF9C0696}.Release|x86.ActiveCfg = Release|Any CPU
		{238D9FAD-8C6A-4573-B1E2-BDE9EF9C0696}.Release|x86.Build.0 = Release|Any CPU
	EndGlobalSection
	GlobalSection(SolutionProperties) = preSolution
		HideSolutionNode = FALSE
	EndGlobalSection
	GlobalSection(NestedProjects) = preSolution
		{EDC14229-0DD0-4B60-ACBC-0D5C3D940B28} = {827E0CD3-B72D-47B6-A68D-7590B98EB39B}
		{F875EF3A-C973-447F-8F36-B5BC129EB8E4} = {827E0CD3-B72D-47B6-A68D-7590B98EB39B}
		{ABC14761-83D3-43BA-80F5-9EA318E06184} = {827E0CD3-B72D-47B6-A68D-7590B98EB39B}
		{BF7FB47B-2F67-4293-B57B-BCEEE93E56E0} = {827E0CD3-B72D-47B6-A68D-7590B98EB39B}
		{9AD9F4B9-1932-4D8D-8958-5B8025F333D7} = {827E0CD3-B72D-47B6-A68D-7590B98EB39B}
		{C409781C-D75A-4049-8501-E967018A4F4E} = {827E0CD3-B72D-47B6-A68D-7590B98EB39B}
		{238D9FAD-8C6A-4573-B1E2-BDE9EF9C0696} = {0AB3BF05-4346-4AA6-1389-037BE0695223}
	EndGlobalSection
EndGlobal
